// !$*UTF8*$!
{
	archiveVersion = 1;
	classes = {
	};
	objectVersion = 50;
	objects = {

/* Begin PBXBuildFile section */
		DD24AD6A2400A82500979A17 /* AppDelegate.swift in Sources */ = {isa = PBXBuildFile; fileRef = DD24AD692400A82500979A17 /* AppDelegate.swift */; };
		DD24AD6C2400A82500979A17 /* SceneDelegate.swift in Sources */ = {isa = PBXBuildFile; fileRef = DD24AD6B2400A82500979A17 /* SceneDelegate.swift */; };
		DD24AD6E2400A82500979A17 /* ViewController.swift in Sources */ = {isa = PBXBuildFile; fileRef = DD24AD6D2400A82500979A17 /* ViewController.swift */; };
		DD24AD712400A82500979A17 /* Main.storyboard in Resources */ = {isa = PBXBuildFile; fileRef = DD24AD6F2400A82500979A17 /* Main.storyboard */; };
		DD24AD732400A82600979A17 /* Assets.xcassets in Resources */ = {isa = PBXBuildFile; fileRef = DD24AD722400A82600979A17 /* Assets.xcassets */; };
		DD24AD762400A82600979A17 /* LaunchScreen.storyboard in Resources */ = {isa = PBXBuildFile; fileRef = DD24AD742400A82600979A17 /* LaunchScreen.storyboard */; };
		DD773809240166EE0043FA77 /* memeLabelDelegate.swift in Sources */ = {isa = PBXBuildFile; fileRef = DD773808240166EE0043FA77 /* memeLabelDelegate.swift */; };
		DD9E4DFD240536DF00026993 /* Meme.swift in Sources */ = {isa = PBXBuildFile; fileRef = DD9E4DFC240536DF00026993 /* Meme.swift */; };
		DDBDC6D4240AEE71003F8DD8 /* ViewController+KeyboardNotifiers.swift in Sources */ = {isa = PBXBuildFile; fileRef = DDBDC6D3240AEE71003F8DD8 /* ViewController+KeyboardNotifiers.swift */; };
		DDF9A76A241D8A97003E06DB /* TableViewController.swift in Sources */ = {isa = PBXBuildFile; fileRef = DDF9A769241D8A97003E06DB /* TableViewController.swift */; };
/* End PBXBuildFile section */

/* Begin PBXFileReference section */
		DD24AD662400A82500979A17 /* MemeMe.app */ = {isa = PBXFileReference; explicitFileType = wrapper.application; includeInIndex = 0; path = MemeMe.app; sourceTree = BUILT_PRODUCTS_DIR; };
		DD24AD692400A82500979A17 /* AppDelegate.swift */ = {isa = PBXFileReference; lastKnownFileType = sourcecode.swift; path = AppDelegate.swift; sourceTree = "<group>"; };
		DD24AD6B2400A82500979A17 /* SceneDelegate.swift */ = {isa = PBXFileReference; lastKnownFileType = sourcecode.swift; path = SceneDelegate.swift; sourceTree = "<group>"; };
		DD24AD6D2400A82500979A17 /* ViewController.swift */ = {isa = PBXFileReference; lastKnownFileType = sourcecode.swift; path = ViewController.swift; sourceTree = "<group>"; };
		DD24AD702400A82500979A17 /* Base */ = {isa = PBXFileReference; lastKnownFileType = file.storyboard; name = Base; path = Base.lproj/Main.storyboard; sourceTree = "<group>"; };
		DD24AD722400A82600979A17 /* Assets.xcassets */ = {isa = PBXFileReference; lastKnownFileType = folder.assetcatalog; path = Assets.xcassets; sourceTree = "<group>"; };
		DD24AD752400A82600979A17 /* Base */ = {isa = PBXFileReference; lastKnownFileType = file.storyboard; name = Base; path = Base.lproj/LaunchScreen.storyboard; sourceTree = "<group>"; };
		DD24AD772400A82600979A17 /* Info.plist */ = {isa = PBXFileReference; lastKnownFileType = text.plist.xml; path = Info.plist; sourceTree = "<group>"; };
		DD773808240166EE0043FA77 /* memeLabelDelegate.swift */ = {isa = PBXFileReference; lastKnownFileType = sourcecode.swift; path = memeLabelDelegate.swift; sourceTree = "<group>"; };
		DD9E4DFC240536DF00026993 /* Meme.swift */ = {isa = PBXFileReference; lastKnownFileType = sourcecode.swift; path = Meme.swift; sourceTree = "<group>"; };
		DDBDC6D3240AEE71003F8DD8 /* ViewController+KeyboardNotifiers.swift */ = {isa = PBXFileReference; lastKnownFileType = sourcecode.swift; path = "ViewController+KeyboardNotifiers.swift"; sourceTree = "<group>"; };
		DDF9A769241D8A97003E06DB /* TableViewController.swift */ = {isa = PBXFileReference; lastKnownFileType = sourcecode.swift; path = TableViewController.swift; sourceTree = "<group>"; };
/* End PBXFileReference section */

/* Begin PBXFrameworksBuildPhase section */
		DD24AD632400A82500979A17 /* Frameworks */ = {
			isa = PBXFrameworksBuildPhase;
			buildActionMask = 2147483647;
			files = (
			);
			runOnlyForDeploymentPostprocessing = 0;
		};
/* End PBXFrameworksBuildPhase section */

/* Begin PBXGroup section */
		DD24AD5D2400A82500979A17 = {
			isa = PBXGroup;
			children = (
				DD24AD682400A82500979A17 /* MemeMe */,
				DD24AD672400A82500979A17 /* Products */,
			);
			sourceTree = "<group>";
		};
		DD24AD672400A82500979A17 /* Products */ = {
			isa = PBXGroup;
			children = (
				DD24AD662400A82500979A17 /* MemeMe.app */,
			);
			name = Products;
			sourceTree = "<group>";
		};
		DD24AD682400A82500979A17 /* MemeMe */ = {
			isa = PBXGroup;
			children = (
				DD773807240166860043FA77 /* Delegates */,
				DD24AD692400A82500979A17 /* AppDelegate.swift */,
				DD24AD6B2400A82500979A17 /* SceneDelegate.swift */,
				DD24AD6D2400A82500979A17 /* ViewController.swift */,
				DD24AD6F2400A82500979A17 /* Main.storyboard */,
				DD24AD722400A82600979A17 /* Assets.xcassets */,
				DD24AD742400A82600979A17 /* LaunchScreen.storyboard */,
				DD24AD772400A82600979A17 /* Info.plist */,
				DD9E4DFC240536DF00026993 /* Meme.swift */,
				DDBDC6D3240AEE71003F8DD8 /* ViewController+KeyboardNotifiers.swift */,
				DDF9A769241D8A97003E06DB /* TableViewController.swift */,
			);
			path = MemeMe;
			sourceTree = "<group>";
		};
		DD773807240166860043FA77 /* Delegates */ = {
			isa = PBXGroup;
			children = (
				DD773808240166EE0043FA77 /* memeLabelDelegate.swift */,
			);
			path = Delegates;
			sourceTree = "<group>";
		};
/* End PBXGroup section */

/* Begin PBXNativeTarget section */
		DD24AD652400A82500979A17 /* MemeMe */ = {
			isa = PBXNativeTarget;
			buildConfigurationList = DD24AD7A2400A82600979A17 /* Build configuration list for PBXNativeTarget "MemeMe" */;
			buildPhases = (
				DD24AD622400A82500979A17 /* Sources */,
				DD24AD632400A82500979A17 /* Frameworks */,
				DD24AD642400A82500979A17 /* Resources */,
			);
			buildRules = (
			);
			dependencies = (
			);
			name = MemeMe;
			productName = MemeMe;
			productReference = DD24AD662400A82500979A17 /* MemeMe.app */;
			productType = "com.apple.product-type.application";
		};
/* End PBXNativeTarget section */

/* Begin PBXProject section */
		DD24AD5E2400A82500979A17 /* Project object */ = {
			isa = PBXProject;
			attributes = {
				LastSwiftUpdateCheck = 1130;
				LastUpgradeCheck = 1130;
				ORGANIZATIONNAME = "David Jarrin";
				TargetAttributes = {
					DD24AD652400A82500979A17 = {
						CreatedOnToolsVersion = 11.3.1;
					};
				};
			};
			buildConfigurationList = DD24AD612400A82500979A17 /* Build configuration list for PBXProject "MemeMe" */;
			compatibilityVersion = "Xcode 9.3";
			developmentRegion = en;
			hasScannedForEncodings = 0;
			knownRegions = (
				en,
				Base,
			);
			mainGroup = DD24AD5D2400A82500979A17;
			productRefGroup = DD24AD672400A82500979A17 /* Products */;
			projectDirPath = "";
			projectRoot = "";
			targets = (
				DD24AD652400A82500979A17 /* MemeMe */,
			);
		};
/* End PBXProject section */

/* Begin PBXResourcesBuildPhase section */
		DD24AD642400A82500979A17 /* Resources */ = {
			isa = PBXResourcesBuildPhase;
			buildActionMask = 2147483647;
			files = (
				DD24AD762400A82600979A17 /* LaunchScreen.storyboard in Resources */,
				DD24AD732400A82600979A17 /* Assets.xcassets in Resources */,
				DD24AD712400A82500979A17 /* Main.storyboard in Resources */,
			);
			runOnlyForDeploymentPostprocessing = 0;
		};
/* End PBXResourcesBuildPhase section */

/* Begin PBXSourcesBuildPhase section */
		DD24AD622400A82500979A17 /* Sources */ = {
			isa = PBXSourcesBuildPhase;
			buildActionMask = 2147483647;
			files = (
				DD24AD6E2400A82500979A17 /* ViewController.swift in Sources */,
				DD773809240166EE0043FA77 /* memeLabelDelegate.swift in Sources */,
				DDF9A76A241D8A97003E06DB /* TableViewController.swift in Sources */,
				DD24AD6A2400A82500979A17 /* AppDelegate.swift in Sources */,
				DDBDC6D4240AEE71003F8DD8 /* ViewController+KeyboardNotifiers.swift in Sources */,
				DD24AD6C2400A82500979A17 /* SceneDelegate.swift in Sources */,
				DD9E4DFD240536DF00026993 /* Meme.swift in Sources */,
			);
			runOnlyForDeploymentPostprocessing = 0;
		};
/* End PBXSourcesBuildPhase section */

/* Begin PBXVariantGroup section */
		DD24AD6F2400A82500979A17 /* Main.storyboard */ = {
			isa = PBXVariantGroup;
			children = (
				DD24AD702400A82500979A17 /* Base */,
			);
			name = Main.storyboard;
			sourceTree = "<group>";
		};
		DD24AD742400A82600979A17 /* LaunchScreen.storyboard */ = {
			isa = PBXVariantGroup;
			children = (
				DD24AD752400A82600979A17 /* Base */,
			);
			name = LaunchScreen.storyboard;
			sourceTree = "<group>";
		};
/* End PBXVariantGroup section */

/* Begin XCBuildConfiguration section */
		DD24AD782400A82600979A17 /* Debug */ = {
			isa = XCBuildConfiguration;
			buildSettings = {
				ALWAYS_SEARCH_USER_PATHS = NO;
				CLANG_ANALYZER_NONNULL = YES;
				CLANG_ANALYZER_NUMBER_OBJECT_CONVERSION = YES_AGGRESSIVE;
				CLANG_CXX_LANGUAGE_STANDARD = "gnu++14";
				CLANG_CXX_LIBRARY = "libc++";
				CLANG_ENABLE_MODULES = YES;
				CLANG_ENABLE_OBJC_ARC = YES;
				CLANG_ENABLE_OBJC_WEAK = YES;
				CLANG_WARN_BLOCK_CAPTURE_AUTORELEASING = YES;
				CLANG_WARN_BOOL_CONVERSION = YES;
				CLANG_WARN_COMMA = YES;
				CLANG_WARN_CONSTANT_CONVERSION = YES;
				CLANG_WARN_DEPRECATED_OBJC_IMPLEMENTATIONS = YES;
				CLANG_WARN_DIRECT_OBJC_ISA_USAGE = YES_ERROR;
				CLANG_WARN_DOCUMENTATION_COMMENTS = YES;
				CLANG_WARN_EMPTY_BODY = YES;
				CLANG_WARN_ENUM_CONVERSION = YES;
				CLANG_WARN_INFINITE_RECURSION = YES;
				CLANG_WARN_INT_CONVERSION = YES;
				CLANG_WARN_NON_LITERAL_NULL_CONVERSION = YES;
				CLANG_WARN_OBJC_IMPLICIT_RETAIN_SELF = YES;
				CLANG_WARN_OBJC_LITERAL_CONVERSION = YES;
				CLANG_WARN_OBJC_ROOT_CLASS = YES_ERROR;
				CLANG_WARN_RANGE_LOOP_ANALYSIS = YES;
				CLANG_WARN_STRICT_PROTOTYPES = YES;
				CLANG_WARN_SUSPICIOUS_MOVE = YES;
				CLANG_WARN_UNGUARDED_AVAILABILITY = YES_AGGRESSIVE;
				CLANG_WARN_UNREACHABLE_CODE = YES;
				CLANG_WARN__DUPLICATE_METHOD_MATCH = YES;
				COPY_PHASE_STRIP = NO;
				DEBUG_INFORMATION_FORMAT = dwarf;
				ENABLE_STRICT_OBJC_MSGSEND = YES;
				ENABLE_TESTABILITY = YES;
				GCC_C_LANGUAGE_STANDARD = gnu11;
				GCC_DYNAMIC_NO_PIC = NO;
				GCC_NO_COMMON_BLOCKS = YES;
				GCC_OPTIMIZATION_LEVEL = 0;
				GCC_PREPROCESSOR_DEFINITIONS = (
					"DEBUG=1",
					"$(inherited)",
				);
				GCC_WARN_64_TO_32_BIT_CONVERSION = YES;
				GCC_WARN_ABOUT_RETURN_TYPE = YES_ERROR;
				GCC_WARN_UNDECLARED_SELECTOR = YES;
				GCC_WARN_UNINITIALIZED_AUTOS = YES_AGGRESSIVE;
				GCC_WARN_UNUSED_FUNCTION = YES;
				GCC_WARN_UNUSED_VARIABLE = YES;
				IPHONEOS_DEPLOYMENT_TARGET = 13.2;
				MTL_ENABLE_DEBUG_INFO = INCLUDE_SOURCE;
				MTL_FAST_MATH = YES;
				ONLY_ACTIVE_ARCH = YES;
				SDKROOT = iphoneos;
				SWIFT_ACTIVE_COMPILATION_CONDITIONS = DEBUG;
				SWIFT_OPTIMIZATION_LEVEL = "-Onone";
			};
			name = Debug;
		};
		DD24AD792400A82600979A17 /* Release */ = {
			isa = XCBuildConfiguration;
			buildSettings = {
				ALWAYS_SEARCH_USER_PATHS = NO;
				CLANG_ANALYZER_NONNULL = YES;
				CLANG_ANALYZER_NUMBER_OBJECT_CONVERSION = YES_AGGRESSIVE;
				CLANG_CXX_LANGUAGE_STANDARD = "gnu++14";
				CLANG_CXX_LIBRARY = "libc++";
				CLANG_ENABLE_MODULES = YES;
				CLANG_ENABLE_OBJC_ARC = YES;
				CLANG_ENABLE_OBJC_WEAK = YES;
				CLANG_WARN_BLOCK_CAPTURE_AUTORELEASING = YES;
				CLANG_WARN_BOOL_CONVERSION = YES;
				CLANG_WARN_COMMA = YES;
				CLANG_WARN_CONSTANT_CONVERSION = YES;
				CLANG_WARN_DEPRECATED_OBJC_IMPLEMENTATIONS = YES;
				CLANG_WARN_DIRECT_OBJC_ISA_USAGE = YES_ERROR;
				CLANG_WARN_DOCUMENTATION_COMMENTS = YES;
				CLANG_WARN_EMPTY_BODY = YES;
				CLANG_WARN_ENUM_CONVERSION = YES;
				CLANG_WARN_INFINITE_RECURSION = YES;
				CLANG_WARN_INT_CONVERSION = YES;
				CLANG_WARN_NON_LITERAL_NULL_CONVERSION = YES;
				CLANG_WARN_OBJC_IMPLICIT_RETAIN_SELF = YES;
				CLANG_WARN_OBJC_LITERAL_CONVERSION = YES;
				CLANG_WARN_OBJC_ROOT_CLASS = YES_ERROR;
				CLANG_WARN_RANGE_LOOP_ANALYSIS = YES;
				CLANG_WARN_STRICT_PROTOTYPES = YES;
				CLANG_WARN_SUSPICIOUS_MOVE = YES;
				CLANG_WARN_UNGUARDED_AVAILABILITY = YES_AGGRESSIVE;
				CLANG_WARN_UNREACHABLE_CODE = YES;
				CLANG_WARN__DUPLICATE_METHOD_MATCH = YES;
				COPY_PHASE_STRIP = NO;
				DEBUG_INFORMATION_FORMAT = "dwarf-with-dsym";
				ENABLE_NS_ASSERTIONS = NO;
				ENABLE_STRICT_OBJC_MSGSEND = YES;
				GCC_C_LANGUAGE_STANDARD = gnu11;
				GCC_NO_COMMON_BLOCKS = YES;
				GCC_WARN_64_TO_32_BIT_CONVERSION = YES;
				GCC_WARN_ABOUT_RETURN_TYPE = YES_ERROR;
				GCC_WARN_UNDECLARED_SELECTOR = YES;
				GCC_WARN_UNINITIALIZED_AUTOS = YES_AGGRESSIVE;
				GCC_WARN_UNUSED_FUNCTION = YES;
				GCC_WARN_UNUSED_VARIABLE = YES;
				IPHONEOS_DEPLOYMENT_TARGET = 13.2;
				MTL_ENABLE_DEBUG_INFO = NO;
				MTL_FAST_MATH = YES;
				SDKROOT = iphoneos;
				SWIFT_COMPILATION_MODE = wholemodule;
				SWIFT_OPTIMIZATION_LEVEL = "-O";
				VALIDATE_PRODUCT = YES;
			};
			name = Release;
		};
		DD24AD7B2400A82600979A17 /* Debug */ = {
			isa = XCBuildConfiguration;
			buildSettings = {
				ASSETCATALOG_COMPILER_APPICON_NAME = AppIcon;
				CODE_SIGN_STYLE = Automatic;
				CURRENT_PROJECT_VERSION = 2;
				DEVELOPMENT_TEAM = LCZ95D67ZG;
				INFOPLIST_FILE = MemeMe/Info.plist;
				LD_RUNPATH_SEARCH_PATHS = (
					"$(inherited)",
					"@executable_path/Frameworks",
				);
				MARKETING_VERSION = 2.0;
				PRODUCT_BUNDLE_IDENTIFIER = com.udacity.MemeMe;
				PRODUCT_NAME = "$(TARGET_NAME)";
				SWIFT_VERSION = 5.0;
				TARGETED_DEVICE_FAMILY = "1,2";
			};
			name = Debug;
		};
		DD24AD7C2400A82600979A17 /* Release */ = {
			isa = XCBuildConfiguration;
			buildSettings = {
				ASSETCATALOG_COMPILER_APPICON_NAME = AppIcon;
				CODE_SIGN_STYLE = Automatic;
				CURRENT_PROJECT_VERSION = 2;
				DEVELOPMENT_TEAM = LCZ95D67ZG;
				INFOPLIST_FILE = MemeMe/Info.plist;
				LD_RUNPATH_SEARCH_PATHS = (
					"$(inherited)",
					"@executable_path/Frameworks",
				);
				MARKETING_VERSION = 2.0;
				PRODUCT_BUNDLE_IDENTIFIER = com.udacity.MemeMe;
				PRODUCT_NAME = "$(TARGET_NAME)";
				SWIFT_VERSION = 5.0;
				TARGETED_DEVICE_FAMILY = "1,2";
			};
			name = Release;
		};
/* End XCBuildConfiguration section */

/* Begin XCConfigurationList section */
		DD24AD612400A82500979A17 /* Build configuration list for PBXProject "MemeMe" */ = {
			isa = XCConfigurationList;
			buildConfigurations = (
				DD24AD782400A82600979A17 /* Debug */,
				DD24AD792400A82600979A17 /* Release */,
			);
			defaultConfigurationIsVisible = 0;
			defaultConfigurationName = Release;
		};
		DD24AD7A2400A82600979A17 /* Build configuration list for PBXNativeTarget "MemeMe" */ = {
			isa = XCConfigurationList;
			buildConfigurations = (
				DD24AD7B2400A82600979A17 /* Debug */,
				DD24AD7C2400A82600979A17 /* Release */,
			);
			defaultConfigurationIsVisible = 0;
			defaultConfigurationName = Release;
		};
/* End XCConfigurationList section */
	};
	rootObject = DD24AD5E2400A82500979A17 /* Project object */;
}
